Microsoft Visual Studio Solution File, Format Version 12.00
# Visual Studio Version 17
VisualStudioVersion = 17.5.2.0
MinimumVisualStudioVersion = 10.0.40219.1
Project("{FAE04EC0-301F-11D3-BF4B-00C04F79EFBC}") = "friendTP", "friendTP.csproj", "{22480B86-AB91-815F-8BEF-55EE920E6D0C}"
EndProject
Global
	GlobalSection(SolutionConfigurationPlatforms) = preSolution
		Debug|Any CPU = Debug|Any CPU
		Release|Any CPU = Release|Any CPU
	EndGlobalSection
	GlobalSection(ProjectConfigurationPlatforms) = postSolution
		{22480B86-AB91-815F-8BEF-55EE920E6D0C}.Debug|Any CPU.ActiveCfg = Debug|Any CPU
		{22480B86-AB91-815F-8BEF-55EE920E6D0C}.Debug|Any CPU.Build.0 = Debug|Any CPU
		{22480B86-AB91-815F-8BEF-55EE920E6D0C}.Release|Any CPU.ActiveCfg = Release|Any CPU
		{22480B86-AB91-815F-8BEF-55EE920E6D0C}.Release|Any CPU.Build.0 = Release|Any CPU
	EndGlobalSection
	GlobalSection(SolutionProperties) = preSolution
		HideSolutionNode = FALSE
	EndGlobalSection
	GlobalSection(ExtensibilityGlobals) = postSolution
		SolutionGuid = {6E446FBF-CC92-4E08-A972-5B2907E7C2AB}
	EndGlobalSection
EndGlobal
